// !$*UTF8*$!
{
	archiveVersion = 1;
	classes = {
	};
	objectVersion = 50;
	objects = {

/* Begin PBXBuildFile section */
		4CE34CCFD6E42923B4A33707 /* libPods-DLPopupContainer.a in Frameworks */ = {isa = PBXBuildFile; fileRef = A4AF92E66BA4CDB3D5D7D761 /* libPods-DLPopupContainer.a */; };
		F3A2FB5D21F6F7F100C33BFF /* AppDelegate.m in Sources */ = {isa = PBXBuildFile; fileRef = F3A2FB5C21F6F7F100C33BFF /* AppDelegate.m */; };
		F3A2FB6321F6F7F100C33BFF /* Main.storyboard in Resources */ = {isa = PBXBuildFile; fileRef = F3A2FB6121F6F7F100C33BFF /* Main.storyboard */; };
		F3A2FB6521F6F7F200C33BFF /* Assets.xcassets in Resources */ = {isa = PBXBuildFile; fileRef = F3A2FB6421F6F7F200C33BFF /* Assets.xcassets */; };
		F3A2FB6821F6F7F200C33BFF /* LaunchScreen.storyboard in Resources */ = {isa = PBXBuildFile; fileRef = F3A2FB6621F6F7F200C33BFF /* LaunchScreen.storyboard */; };
		F3A2FB6B21F6F7F200C33BFF /* main.m in Sources */ = {isa = PBXBuildFile; fileRef = F3A2FB6A21F6F7F200C33BFF /* main.m */; };
		F3A2FB7621F7029E00C33BFF /* DLPopupViewController.m in Sources */ = {isa = PBXBuildFile; fileRef = F3A2FB7521F7029E00C33BFF /* DLPopupViewController.m */; };
		F3A2FB7921F7032300C33BFF /* DLPopupView.m in Sources */ = {isa = PBXBuildFile; fileRef = F3A2FB7821F7032300C33BFF /* DLPopupView.m */; };
		F3A2FB7B21F7032F00C33BFF /* DLPopupView.xib in Resources */ = {isa = PBXBuildFile; fileRef = F3A2FB7A21F7032F00C33BFF /* DLPopupView.xib */; };
/* End PBXBuildFile section */

/* Begin PBXFileReference section */
		0145D72C6CEE490A063601BC /* Pods-DLPopupContainer.debug.xcconfig */ = {isa = PBXFileReference; includeInIndex = 1; lastKnownFileType = text.xcconfig; name = "Pods-DLPopupContainer.debug.xcconfig"; path = "Pods/Target Support Files/Pods-DLPopupContainer/Pods-DLPopupContainer.debug.xcconfig"; sourceTree = "<group>"; };
		8DD4400D1C7E4BF233F5EF2B /* Pods-DLPopupContainer.release.xcconfig */ = {isa = PBXFileReference; includeInIndex = 1; lastKnownFileType = text.xcconfig; name = "Pods-DLPopupContainer.release.xcconfig"; path = "Pods/Target Support Files/Pods-DLPopupContainer/Pods-DLPopupContainer.release.xcconfig"; sourceTree = "<group>"; };
		A4AF92E66BA4CDB3D5D7D761 /* libPods-DLPopupContainer.a */ = {isa = PBXFileReference; explicitFileType = archive.ar; includeInIndex = 0; path = "libPods-DLPopupContainer.a"; sourceTree = BUILT_PRODUCTS_DIR; };
		F3A2FB5821F6F7F100C33BFF /* DLPopupContainer.app */ = {isa = PBXFileReference; explicitFileType = wrapper.application; includeInIndex = 0; path = DLPopupContainer.app; sourceTree = BUILT_PRODUCTS_DIR; };
		F3A2FB5B21F6F7F100C33BFF /* AppDelegate.h */ = {isa = PBXFileReference; lastKnownFileType = sourcecode.c.h; path = AppDelegate.h; sourceTree = "<group>"; };
		F3A2FB5C21F6F7F100C33BFF /* AppDelegate.m */ = {isa = PBXFileReference; lastKnownFileType = sourcecode.c.objc; path = AppDelegate.m; sourceTree = "<group>"; };
		F3A2FB6221F6F7F100C33BFF /* Base */ = {isa = PBXFileReference; lastKnownFileType = file.storyboard; name = Base; path = Base.lproj/Main.storyboard; sourceTree = "<group>"; };
		F3A2FB6421F6F7F200C33BFF /* Assets.xcassets */ = {isa = PBXFileReference; lastKnownFileType = folder.assetcatalog; path = Assets.xcassets; sourceTree = "<group>"; };
		F3A2FB6721F6F7F200C33BFF /* Base */ = {isa = PBXFileReference; lastKnownFileType = file.storyboard; name = Base; path = Base.lproj/LaunchScreen.storyboard; sourceTree = "<group>"; };
		F3A2FB6921F6F7F200C33BFF /* Info.plist */ = {isa = PBXFileReference; lastKnownFileType = text.plist.xml; path = Info.plist; sourceTree = "<group>"; };
		F3A2FB6A21F6F7F200C33BFF /* main.m */ = {isa = PBXFileReference; lastKnownFileType = sourcecode.c.objc; path = main.m; sourceTree = "<group>"; };
		F3A2FB7421F7029E00C33BFF /* DLPopupViewController.h */ = {isa = PBXFileReference; lastKnownFileType = sourcecode.c.h; path = DLPopupViewController.h; sourceTree = "<group>"; };
		F3A2FB7521F7029E00C33BFF /* DLPopupViewController.m */ = {isa = PBXFileReference; lastKnownFileType = sourcecode.c.objc; path = DLPopupViewController.m; sourceTree = "<group>"; };
		F3A2FB7721F7032300C33BFF /* DLPopupView.h */ = {isa = PBXFileReference; lastKnownFileType = sourcecode.c.h; path = DLPopupView.h; sourceTree = "<group>"; };
		F3A2FB7821F7032300C33BFF /* DLPopupView.m */ = {isa = PBXFileReference; lastKnownFileType = sourcecode.c.objc; path = DLPopupView.m; sourceTree = "<group>"; };
		F3A2FB7A21F7032F00C33BFF /* DLPopupView.xib */ = {isa = PBXFileReference; lastKnownFileType = file.xib; path = DLPopupView.xib; sourceTree = "<group>"; };
/* End PBXFileReference section */

/* Begin PBXFrameworksBuildPhase section */
		F3A2FB5521F6F7F100C33BFF /* Frameworks */ = {
			isa = PBXFrameworksBuildPhase;
			buildActionMask = 2147483647;
			files = (
				4CE34CCFD6E42923B4A33707 /* libPods-DLPopupContainer.a in Frameworks */,
			);
			runOnlyForDeploymentPostprocessing = 0;
		};
/* End PBXFrameworksBuildPhase section */

/* Begin PBXGroup section */
		60C850FCCB4548EBBF6C66F9 /* Frameworks */ = {
			isa = PBXGroup;
			children = (
				A4AF92E66BA4CDB3D5D7D761 /* libPods-DLPopupContainer.a */,
			);
			name = Frameworks;
			sourceTree = "<group>";
		};
		D9F88AC3D63DC834AE83525F /* Pods */ = {
			isa = PBXGroup;
			children = (
				0145D72C6CEE490A063601BC /* Pods-DLPopupContainer.debug.xcconfig */,
				8DD4400D1C7E4BF233F5EF2B /* Pods-DLPopupContainer.release.xcconfig */,
			);
			name = Pods;
			sourceTree = "<group>";
		};
		F3A2FB4F21F6F7F100C33BFF = {
			isa = PBXGroup;
			children = (
				F3A2FB5A21F6F7F100C33BFF /* DLPopupContainer */,
				F3A2FB5921F6F7F100C33BFF /* Products */,
				D9F88AC3D63DC834AE83525F /* Pods */,
				60C850FCCB4548EBBF6C66F9 /* Frameworks */,
			);
			sourceTree = "<group>";
		};
		F3A2FB5921F6F7F100C33BFF /* Products */ = {
			isa = PBXGroup;
			children = (
				F3A2FB5821F6F7F100C33BFF /* DLPopupContainer.app */,
			);
			name = Products;
			sourceTree = "<group>";
		};
		F3A2FB5A21F6F7F100C33BFF /* DLPopupContainer */ = {
			isa = PBXGroup;
			children = (
				F3A2FB5B21F6F7F100C33BFF /* AppDelegate.h */,
				F3A2FB5C21F6F7F100C33BFF /* AppDelegate.m */,
				F3A2FB7421F7029E00C33BFF /* DLPopupViewController.h */,
				F3A2FB7521F7029E00C33BFF /* DLPopupViewController.m */,
				F3A2FB7721F7032300C33BFF /* DLPopupView.h */,
				F3A2FB7821F7032300C33BFF /* DLPopupView.m */,
				F3A2FB7A21F7032F00C33BFF /* DLPopupView.xib */,
				F3A2FB6121F6F7F100C33BFF /* Main.storyboard */,
				F3A2FB6421F6F7F200C33BFF /* Assets.xcassets */,
				F3A2FB6621F6F7F200C33BFF /* LaunchScreen.storyboard */,
				F3A2FB6921F6F7F200C33BFF /* Info.plist */,
				F3A2FB6A21F6F7F200C33BFF /* main.m */,
			);
			path = DLPopupContainer;
			sourceTree = "<group>";
		};
/* End PBXGroup section */

/* Begin PBXNativeTarget section */
		F3A2FB5721F6F7F100C33BFF /* DLPopupContainer */ = {
			isa = PBXNativeTarget;
			buildConfigurationList = F3A2FB6E21F6F7F200C33BFF /* Build configuration list for PBXNativeTarget "DLPopupContainer" */;
			buildPhases = (
				D85E47B155E64CA2392B06E3 /* [CP] Check Pods Manifest.lock */,
				F3A2FB5421F6F7F100C33BFF /* Sources */,
				F3A2FB5521F6F7F100C33BFF /* Frameworks */,
				F3A2FB5621F6F7F100C33BFF /* Resources */,
			);
			buildRules = (
			);
			dependencies = (
			);
			name = DLPopupContainer;
			productName = DLPopupContainer;
			productReference = F3A2FB5821F6F7F100C33BFF /* DLPopupContainer.app */;
			productType = "com.apple.product-type.application";
		};
/* End PBXNativeTarget section */

/* Begin PBXProject section */
		F3A2FB5021F6F7F100C33BFF /* Project object */ = {
			isa = PBXProject;
			attributes = {
				LastUpgradeCheck = 1010;
				ORGANIZATIONNAME = Dalang;
				TargetAttributes = {
					F3A2FB5721F6F7F100C33BFF = {
						CreatedOnToolsVersion = 10.1;
					};
				};
			};
			buildConfigurationList = F3A2FB5321F6F7F100C33BFF /* Build configuration list for PBXProject "DLPopupContainer" */;
			compatibilityVersion = "Xcode 9.3";
			developmentRegion = en;
			hasScannedForEncodings = 0;
			knownRegions = (
				en,
				Base,
			);
			mainGroup = F3A2FB4F21F6F7F100C33BFF;
			productRefGroup = F3A2FB5921F6F7F100C33BFF /* Products */;
			projectDirPath = "";
			projectRoot = "";
			targets = (
				F3A2FB5721F6F7F100C33BFF /* DLPopupContainer */,
			);
		};
/* End PBXProject section */

/* Begin PBXResourcesBuildPhase section */
		F3A2FB5621F6F7F100C33BFF /* Resources */ = {
			isa = PBXResourcesBuildPhase;
			buildActionMask = 2147483647;
			files = (
				F3A2FB6821F6F7F200C33BFF /* LaunchScreen.storyboard in Resources */,
				F3A2FB6521F6F7F200C33BFF /* Assets.xcassets in Resources */,
				F3A2FB6321F6F7F100C33BFF /* Main.storyboard in Resources */,
				F3A2FB7B21F7032F00C33BFF /* DLPopupView.xib in Resources */,
			);
			runOnlyForDeploymentPostprocessing = 0;
		};
/* End PBXResourcesBuildPhase section */

/* Begin PBXShellScriptBuildPhase section */
		D85E47B155E64CA2392B06E3 /* [CP] Check Pods Manifest.lock */ = {
			isa = PBXShellScriptBuildPhase;
			buildActionMask = 2147483647;
			files = (
			);
			inputFileListPaths = (
			);
			inputPaths = (
				"${PODS_PODFILE_DIR_PATH}/Podfile.lock",
				"${PODS_ROOT}/Manifest.lock",
			);
			name = "[CP] Check Pods Manifest.lock";
			outputFileListPaths = (
			);
			outputPaths = (
				"$(DERIVED_FILE_DIR)/Pods-DLPopupContainer-checkManifestLockResult.txt",
			);
			runOnlyForDeploymentPostprocessing = 0;
			shellPath = /bin/sh;
			shellScript = "diff \"${PODS_PODFILE_DIR_PATH}/Podfile.lock\" \"${PODS_ROOT}/Manifest.lock\" > /dev/null\nif [ $? != 0 ] ; then\n    # print error to STDERR\n    echo \"error: The sandbox is not in sync with the Podfile.lock. Run 'pod install' or update your CocoaPods installation.\" >&2\n    exit 1\nfi\n# This output is used by Xcode 'outputs' to avoid re-running this script phase.\necho \"SUCCESS\" > \"${SCRIPT_OUTPUT_FILE_0}\"\n";
			showEnvVarsInLog = 0;
		};
/* End PBXShellScriptBuildPhase section */

/* Begin PBXSourcesBuildPhase section */
		F3A2FB5421F6F7F100C33BFF /* Sources */ = {
			isa = PBXSourcesBuildPhase;
			buildActionMask = 2147483647;
			files = (
				F3A2FB6B21F6F7F200C33BFF /* main.m in Sources */,
				F3A2FB5D21F6F7F100C33BFF /* AppDelegate.m in Sources */,
				F3A2FB7621F7029E00C33BFF /* DLPopupViewController.m in Sources */,
				F3A2FB7921F7032300C33BFF /* DLPopupView.m in Sources */,
			);
			runOnlyForDeploymentPostprocessing = 0;
		};
/* End PBXSourcesBuildPhase section */

/* Begin PBXVariantGroup section */
		F3A2FB6121F6F7F100C33BFF /* Main.storyboard */ = {
			isa = PBXVariantGroup;
			children = (
				F3A2FB6221F6F7F100C33BFF /* Base */,
			);
			name = Main.storyboard;
			sourceTree = "<group>";
		};
		F3A2FB6621F6F7F200C33BFF /* LaunchScreen.storyboard */ = {
			isa = PBXVariantGroup;
			children = (
				F3A2FB6721F6F7F200C33BFF /* Base */,
			);
			name = LaunchScreen.storyboard;
			sourceTree = "<group>";
		};
/* End PBXVariantGroup section */

/* Begin XCBuildConfiguration section */
		F3A2FB6C21F6F7F200C33BFF /* Debug */ = {
			isa = XCBuildConfiguration;
			buildSettings = {
				ALWAYS_SEARCH_USER_PATHS = NO;
				CLANG_ANALYZER_NONNULL = YES;
				CLANG_ANALYZER_NUMBER_OBJECT_CONVERSION = YES_AGGRESSIVE;
				CLANG_CXX_LANGUAGE_STANDARD = "gnu++14";
				CLANG_CXX_LIBRARY = "libc++";
				CLANG_ENABLE_MODULES = YES;
				CLANG_ENABLE_OBJC_ARC = YES;
				CLANG_ENABLE_OBJC_WEAK = YES;
				CLANG_WARN_BLOCK_CAPTURE_AUTORELEASING = YES;
				CLANG_WARN_BOOL_CONVERSION = YES;
				CLANG_WARN_COMMA = YES;
				CLANG_WARN_CONSTANT_CONVERSION = YES;
				CLANG_WARN_DEPRECATED_OBJC_IMPLEMENTATIONS = YES;
				CLANG_WARN_DIRECT_OBJC_ISA_USAGE = YES_ERROR;
				CLANG_WARN_DOCUMENTATION_COMMENTS = YES;
				CLANG_WARN_EMPTY_BODY = YES;
				CLANG_WARN_ENUM_CONVERSION = YES;
				CLANG_WARN_INFINITE_RECURSION = YES;
				CLANG_WARN_INT_CONVERSION = YES;
				CLANG_WARN_NON_LITERAL_NULL_CONVERSION = YES;
				CLANG_WARN_OBJC_IMPLICIT_RETAIN_SELF = YES;
				CLANG_WARN_OBJC_LITERAL_CONVERSION = YES;
				CLANG_WARN_OBJC_ROOT_CLASS = YES_ERROR;
				CLANG_WARN_RANGE_LOOP_ANALYSIS = YES;
				CLANG_WARN_STRICT_PROTOTYPES = YES;
				CLANG_WARN_SUSPICIOUS_MOVE = YES;
				CLANG_WARN_UNGUARDED_AVAILABILITY = YES_AGGRESSIVE;
				CLANG_WARN_UNREACHABLE_CODE = YES;
				CLANG_WARN__DUPLICATE_METHOD_MATCH = YES;
				CODE_SIGN_IDENTITY = "iPhone Developer";
				COPY_PHASE_STRIP = NO;
				DEBUG_INFORMATION_FORMAT = dwarf;
				ENABLE_STRICT_OBJC_MSGSEND = YES;
				ENABLE_TESTABILITY = YES;
				GCC_C_LANGUAGE_STANDARD = gnu11;
				GCC_DYNAMIC_NO_PIC = NO;
				GCC_NO_COMMON_BLOCKS = YES;
				GCC_OPTIMIZATION_LEVEL = 0;
				GCC_PREPROCESSOR_DEFINITIONS = (
					"DEBUG=1",
					"$(inherited)",
				);
				GCC_WARN_64_TO_32_BIT_CONVERSION = YES;
				GCC_WARN_ABOUT_RETURN_TYPE = YES_ERROR;
				GCC_WARN_UNDECLARED_SELECTOR = YES;
				GCC_WARN_UNINITIALIZED_AUTOS = YES_AGGRESSIVE;
				GCC_WARN_UNUSED_FUNCTION = YES;
				GCC_WARN_UNUSED_VARIABLE = YES;
				IPHONEOS_DEPLOYMENT_TARGET = 12.1;
				MTL_ENABLE_DEBUG_INFO = INCLUDE_SOURCE;
				MTL_FAST_MATH = YES;
				ONLY_ACTIVE_ARCH = YES;
				SDKROOT = iphoneos;
			};
			name = Debug;
		};
		F3A2FB6D21F6F7F200C33BFF /* Release */ = {
			isa = XCBuildConfiguration;
			buildSettings = {
				ALWAYS_SEARCH_USER_PATHS = NO;
				CLANG_ANALYZER_NONNULL = YES;
				CLANG_ANALYZER_NUMBER_OBJECT_CONVERSION = YES_AGGRESSIVE;
				CLANG_CXX_LANGUAGE_STANDARD = "gnu++14";
				CLANG_CXX_LIBRARY = "libc++";
				CLANG_ENABLE_MODULES = YES;
				CLANG_ENABLE_OBJC_ARC = YES;
				CLANG_ENABLE_OBJC_WEAK = YES;
				CLANG_WARN_BLOCK_CAPTURE_AUTORELEASING = YES;
				CLANG_WARN_BOOL_CONVERSION = YES;
				CLANG_WARN_COMMA = YES;
				CLANG_WARN_CONSTANT_CONVERSION = YES;
				CLANG_WARN_DEPRECATED_OBJC_IMPLEMENTATIONS = YES;
				CLANG_WARN_DIRECT_OBJC_ISA_USAGE = YES_ERROR;
				CLANG_WARN_DOCUMENTATION_COMMENTS = YES;
				CLANG_WARN_EMPTY_BODY = YES;
				CLANG_WARN_ENUM_CONVERSION = YES;
				CLANG_WARN_INFINITE_RECURSION = YES;
				CLANG_WARN_INT_CONVERSION = YES;
				CLANG_WARN_NON_LITERAL_NULL_CONVERSION = YES;
				CLANG_WARN_OBJC_IMPLICIT_RETAIN_SELF = YES;
				CLANG_WARN_OBJC_LITERAL_CONVERSION = YES;
				CLANG_WARN_OBJC_ROOT_CLASS = YES_ERROR;
				CLANG_WARN_RANGE_LOOP_ANALYSIS = YES;
				CLANG_WARN_STRICT_PROTOTYPES = YES;
				CLANG_WARN_SUSPICIOUS_MOVE = YES;
				CLANG_WARN_UNGUARDED_AVAILABILITY = YES_AGGRESSIVE;
				CLANG_WARN_UNREACHABLE_CODE = YES;
				CLANG_WARN__DUPLICATE_METHOD_MATCH = YES;
				CODE_SIGN_IDENTITY = "iPhone Developer";
				COPY_PHASE_STRIP = NO;
				DEBUG_INFORMATION_FORMAT = "dwarf-with-dsym";
				ENABLE_NS_ASSERTIONS = NO;
				ENABLE_STRICT_OBJC_MSGSEND = YES;
				GCC_C_LANGUAGE_STANDARD = gnu11;
				GCC_NO_COMMON_BLOCKS = YES;
				GCC_WARN_64_TO_32_BIT_CONVERSION = YES;
				GCC_WARN_ABOUT_RETURN_TYPE = YES_ERROR;
				GCC_WARN_UNDECLARED_SELECTOR = YES;
				GCC_WARN_UNINITIALIZED_AUTOS = YES_AGGRESSIVE;
				GCC_WARN_UNUSED_FUNCTION = YES;
				GCC_WARN_UNUSED_VARIABLE = YES;
				IPHONEOS_DEPLOYMENT_TARGET = 12.1;
				MTL_ENABLE_DEBUG_INFO = NO;
				MTL_FAST_MATH = YES;
				SDKROOT = iphoneos;
				VALIDATE_PRODUCT = YES;
			};
			name = Release;
		};
		F3A2FB6F21F6F7F200C33BFF /* Debug */ = {
			isa = XCBuildConfiguration;
			baseConfigurationReference = 0145D72C6CEE490A063601BC /* Pods-DLPopupContainer.debug.xcconfig */;
			buildSettings = {
				ASSETCATALOG_COMPILER_APPICON_NAME = AppIcon;
				CODE_SIGN_STYLE = Automatic;
				INFOPLIST_FILE = DLPopupContainer/Info.plist;
				LD_RUNPATH_SEARCH_PATHS = (
					"$(inherited)",
					"@executable_path/Frameworks",
				);
				PRODUCT_BUNDLE_IDENTIFIER = com.dalang.DLPopupContainer;
				PRODUCT_NAME = "$(TARGET_NAME)";
				TARGETED_DEVICE_FAMILY = "1,2";
			};
			name = Debug;
		};
		F3A2FB7021F6F7F200C33BFF /* Release */ = {
			isa = XCBuildConfiguration;
			baseConfigurationReference = 8DD4400D1C7E4BF233F5EF2B /* Pods-DLPopupContainer.release.xcconfig */;
			buildSettings = {
				ASSETCATALOG_COMPILER_APPICON_NAME = AppIcon;
				CODE_SIGN_STYLE = Automatic;
				INFOPLIST_FILE = DLPopupContainer/Info.plist;
				LD_RUNPATH_SEARCH_PATHS = (
					"$(inherited)",
					"@executable_path/Frameworks",
				);
				PRODUCT_BUNDLE_IDENTIFIER = com.dalang.DLPopupContainer;
				PRODUCT_NAME = "$(TARGET_NAME)";
				TARGETED_DEVICE_FAMILY = "1,2";
			};
			name = Release;
		};
/* End XCBuildConfiguration section */

/* Begin XCConfigurationList section */
		F3A2FB5321F6F7F100C33BFF /* Build configuration list for PBXProject "DLPopupContainer" */ = {
			isa = XCConfigurationList;
			buildConfigurations = (
				F3A2FB6C21F6F7F200C33BFF /* Debug */,
				F3A2FB6D21F6F7F200C33BFF /* Release */,
			);
			defaultConfigurationIsVisible = 0;
			defaultConfigurationName = Release;
		};
		F3A2FB6E21F6F7F200C33BFF /* Build configuration list for PBXNativeTarget "DLPopupContainer" */ = {
			isa = XCConfigurationList;
			buildConfigurations = (
				F3A2FB6F21F6F7F200C33BFF /* Debug */,
				F3A2FB7021F6F7F200C33BFF /* Release */,
			);
			defaultConfigurationIsVisible = 0;
			defaultConfigurationName = Release;
		};
/* End XCConfigurationList section */
	};
	rootObject = F3A2FB5021F6F7F100C33BFF /* Project object */;
}
